// !$*UTF8*$!
{
	archiveVersion = 1;
	classes = {
	};
	objectVersion = 46;
	objects = {

/* Begin PBXBuildFile section */
		01A79EE21DE427B7008D94AD /* main.m in Sources */ = {isa = PBXBuildFile; fileRef = 01A79EE11DE427B7008D94AD /* main.m */; };
		01A79EE51DE427B7008D94AD /* AppDelegate.m in Sources */ = {isa = PBXBuildFile; fileRef = 01A79EE41DE427B7008D94AD /* AppDelegate.m */; };
		01A79EE81DE427B7008D94AD /* ViewController.m in Sources */ = {isa = PBXBuildFile; fileRef = 01A79EE71DE427B7008D94AD /* ViewController.m */; };
		01A79EEB1DE427B7008D94AD /* Main.storyboard in Resources */ = {isa = PBXBuildFile; fileRef = 01A79EE91DE427B7008D94AD /* Main.storyboard */; };
		01A79EED1DE427B7008D94AD /* Assets.xcassets in Resources */ = {isa = PBXBuildFile; fileRef = 01A79EEC1DE427B7008D94AD /* Assets.xcassets */; };
		01A79EF01DE427B7008D94AD /* LaunchScreen.storyboard in Resources */ = {isa = PBXBuildFile; fileRef = 01A79EEE1DE427B7008D94AD /* LaunchScreen.storyboard */; };
/* End PBXBuildFile section */

/* Begin PBXFileReference section */
		01A79EDD1DE427B7008D94AD /* Timer.app */ = {isa = PBXFileReference; explicitFileType = wrapper.application; includeInIndex = 0; path = Timer.app; sourceTree = BUILT_PRODUCTS_DIR; };
		01A79EE11DE427B7008D94AD /* main.m */ = {isa = PBXFileReference; lastKnownFileType = sourcecode.c.objc; path = main.m; sourceTree = "<group>"; };
		01A79EE31DE427B7008D94AD /* AppDelegate.h */ = {isa = PBXFileReference; lastKnownFileType = sourcecode.c.h; path = AppDelegate.h; sourceTree = "<group>"; };
		01A79EE41DE427B7008D94AD /* AppDelegate.m */ = {isa = PBXFileReference; lastKnownFileType = sourcecode.c.objc; path = AppDelegate.m; sourceTree = "<group>"; };
		01A79EE61DE427B7008D94AD /* ViewController.h */ = {isa = PBXFileReference; lastKnownFileType = sourcecode.c.h; path = ViewController.h; sourceTree = "<group>"; };
		01A79EE71DE427B7008D94AD /* ViewController.m */ = {isa = PBXFileReference; lastKnownFileType = sourcecode.c.objc; path = ViewController.m; sourceTree = "<group>"; };
		01A79EEA1DE427B7008D94AD /* Base */ = {isa = PBXFileReference; lastKnownFileType = file.storyboard; name = Base; path = Base.lproj/Main.storyboard; sourceTree = "<group>"; };
		01A79EEC1DE427B7008D94AD /* Assets.xcassets */ = {isa = PBXFileReference; lastKnownFileType = folder.assetcatalog; path = Assets.xcassets; sourceTree = "<group>"; };
		01A79EEF1DE427B7008D94AD /* Base */ = {isa = PBXFileReference; lastKnownFileType = file.storyboard; name = Base; path = Base.lproj/LaunchScreen.storyboard; sourceTree = "<group>"; };
		01A79EF11DE427B7008D94AD /* Info.plist */ = {isa = PBXFileReference; lastKnownFileType = text.plist.xml; path = Info.plist; sourceTree = "<group>"; };
/* End PBXFileReference section */

/* Begin PBXFrameworksBuildPhase section */
		01A79EDA1DE427B7008D94AD /* Frameworks */ = {
			isa = PBXFrameworksBuildPhase;
			buildActionMask = 2147483647;
			files = (
			);
			runOnlyForDeploymentPostprocessing = 0;
		};
/* End PBXFrameworksBuildPhase section */

/* Begin PBXGroup section */
		01A79ED41DE427B7008D94AD = {
			isa = PBXGroup;
			children = (
				01A79EDF1DE427B7008D94AD /* Timer */,
				01A79EDE1DE427B7008D94AD /* Products */,
			);
			sourceTree = "<group>";
		};
		01A79EDE1DE427B7008D94AD /* Products */ = {
			isa = PBXGroup;
			children = (
				01A79EDD1DE427B7008D94AD /* Timer.app */,
			);
			name = Products;
			sourceTree = "<group>";
		};
		01A79EDF1DE427B7008D94AD /* Timer */ = {
			isa = PBXGroup;
			children = (
				01A79EE31DE427B7008D94AD /* AppDelegate.h */,
				01A79EE41DE427B7008D94AD /* AppDelegate.m */,
				01A79EE61DE427B7008D94AD /* ViewController.h */,
				01A79EE71DE427B7008D94AD /* ViewController.m */,
				01A79EE91DE427B7008D94AD /* Main.storyboard */,
				01A79EEC1DE427B7008D94AD /* Assets.xcassets */,
				01A79EEE1DE427B7008D94AD /* LaunchScreen.storyboard */,
				01A79EF11DE427B7008D94AD /* Info.plist */,
				01A79EE01DE427B7008D94AD /* Supporting Files */,
			);
			path = Timer;
			sourceTree = "<group>";
		};
		01A79EE01DE427B7008D94AD /* Supporting Files */ = {
			isa = PBXGroup;
			children = (
				01A79EE11DE427B7008D94AD /* main.m */,
			);
			name = "Supporting Files";
			sourceTree = "<group>";
		};
/* End PBXGroup section */

/* Begin PBXNativeTarget section */
		01A79EDC1DE427B7008D94AD /* Timer */ = {
			isa = PBXNativeTarget;
			buildConfigurationList = 01A79EF41DE427B7008D94AD /* Build configuration list for PBXNativeTarget "Timer" */;
			buildPhases = (
				01A79ED91DE427B7008D94AD /* Sources */,
				01A79EDA1DE427B7008D94AD /* Frameworks */,
				01A79EDB1DE427B7008D94AD /* Resources */,
			);
			buildRules = (
			);
			dependencies = (
			);
			name = Timer;
			productName = Timer;
			productReference = 01A79EDD1DE427B7008D94AD /* Timer.app */;
			productType = "com.apple.product-type.application";
		};
/* End PBXNativeTarget section */

/* Begin PBXProject section */
		01A79ED51DE427B7008D94AD /* Project object */ = {
			isa = PBXProject;
			attributes = {
				LastUpgradeCheck = 0810;
				ORGANIZATIONNAME = Unchastity;
				TargetAttributes = {
					01A79EDC1DE427B7008D94AD = {
						CreatedOnToolsVersion = 8.1;
						DevelopmentTeam = W98U5GWCGM;
						ProvisioningStyle = Automatic;
					};
				};
			};
			buildConfigurationList = 01A79ED81DE427B7008D94AD /* Build configuration list for PBXProject "Timer" */;
			compatibilityVersion = "Xcode 3.2";
			developmentRegion = English;
			hasScannedForEncodings = 0;
			knownRegions = (
				en,
				Base,
			);
			mainGroup = 01A79ED41DE427B7008D94AD;
			productRefGroup = 01A79EDE1DE427B7008D94AD /* Products */;
			projectDirPath = "";
			projectRoot = "";
			targets = (
				01A79EDC1DE427B7008D94AD /* Timer */,
			);
		};
/* End PBXProject section */

/* Begin PBXResourcesBuildPhase section */
		01A79EDB1DE427B7008D94AD /* Resources */ = {
			isa = PBXResourcesBuildPhase;
			buildActionMask = 2147483647;
			files = (
				01A79EF01DE427B7008D94AD /* LaunchScreen.storyboard in Resources */,
				01A79EED1DE427B7008D94AD /* Assets.xcassets in Resources */,
				01A79EEB1DE427B7008D94AD /* Main.storyboard in Resources */,
			);
			runOnlyForDeploymentPostprocessing = 0;
		};
/* End PBXResourcesBuildPhase section */

/* Begin PBXSourcesBuildPhase section */
		01A79ED91DE427B7008D94AD /* Sources */ = {
			isa = PBXSourcesBuildPhase;
			buildActionMask = 2147483647;
			files = (
				01A79EE81DE427B7008D94AD /* ViewController.m in Sources */,
				01A79EE51DE427B7008D94AD /* AppDelegate.m in Sources */,
				01A79EE21DE427B7008D94AD /* main.m in Sources */,
			);
			runOnlyForDeploymentPostprocessing = 0;
		};
/* End PBXSourcesBuildPhase section */

/* Begin PBXVariantGroup section */
		01A79EE91DE427B7008D94AD /* Main.storyboard */ = {
			isa = PBXVariantGroup;
			children = (
				01A79EEA1DE427B7008D94AD /* Base */,
			);
			name = Main.storyboard;
			sourceTree = "<group>";
		};
		01A79EEE1DE427B7008D94AD /* LaunchScreen.storyboard */ = {
			isa = PBXVariantGroup;
			children = (
				01A79EEF1DE427B7008D94AD /* Base */,
			);
			name = LaunchScreen.storyboard;
			sourceTree = "<group>";
		};
/* End PBXVariantGroup section */

/* Begin XCBuildConfiguration section */
		01A79EF21DE427B7008D94AD /* Debug */ = {
			isa = XCBuildConfiguration;
			buildSettings = {
				ALWAYS_SEARCH_USER_PATHS = NO;
				CLANG_ANALYZER_NONNULL = YES;
				CLANG_CXX_LANGUAGE_STANDARD = "gnu++0x";
				CLANG_CXX_LIBRARY = "libc++";
				CLANG_ENABLE_MODULES = YES;
				CLANG_ENABLE_OBJC_ARC = YES;
				CLANG_WARN_BOOL_CONVERSION = YES;
				CLANG_WARN_CONSTANT_CONVERSION = YES;
				CLANG_WARN_DIRECT_OBJC_ISA_USAGE = YES_ERROR;
				CLANG_WARN_DOCUMENTATION_COMMENTS = YES;
				CLANG_WARN_EMPTY_BODY = YES;
				CLANG_WARN_ENUM_CONVERSION = YES;
				CLANG_WARN_INFINITE_RECURSION = YES;
				CLANG_WARN_INT_CONVERSION = YES;
				CLANG_WARN_OBJC_ROOT_CLASS = YES_ERROR;
				CLANG_WARN_SUSPICIOUS_MOVES = YES;
				CLANG_WARN_UNREACHABLE_CODE = YES;
				CLANG_WARN__DUPLICATE_METHOD_MATCH = YES;
				"CODE_SIGN_IDENTITY[sdk=iphoneos*]" = "iPhone Developer";
				COPY_PHASE_STRIP = NO;
				DEBUG_INFORMATION_FORMAT = dwarf;
				ENABLE_STRICT_OBJC_MSGSEND = YES;
				ENABLE_TESTABILITY = YES;
				GCC_C_LANGUAGE_STANDARD = gnu99;
				GCC_DYNAMIC_NO_PIC = NO;
				GCC_NO_COMMON_BLOCKS = YES;
				GCC_OPTIMIZATION_LEVEL = 0;
				GCC_PREPROCESSOR_DEFINITIONS = (
					"DEBUG=1",
					"$(inherited)",
				);
				GCC_WARN_64_TO_32_BIT_CONVERSION = YES;
				GCC_WARN_ABOUT_RETURN_TYPE = YES_ERROR;
				GCC_WARN_UNDECLARED_SELECTOR = YES;
				GCC_WARN_UNINITIALIZED_AUTOS = YES_AGGRESSIVE;
				GCC_WARN_UNUSED_FUNCTION = YES;
				GCC_WARN_UNUSED_VARIABLE = YES;
				IPHONEOS_DEPLOYMENT_TARGET = 10.1;
				MTL_ENABLE_DEBUG_INFO = YES;
				ONLY_ACTIVE_ARCH = YES;
				SDKROOT = iphoneos;
			};
			name = Debug;
		};
		01A79EF31DE427B7008D94AD /* Release */ = {
			isa = XCBuildConfiguration;
			buildSettings = {
				ALWAYS_SEARCH_USER_PATHS = NO;
				CLANG_ANALYZER_NONNULL = YES;
				CLANG_CXX_LANGUAGE_STANDARD = "gnu++0x";
				CLANG_CXX_LIBRARY = "libc++";
				CLANG_ENABLE_MODULES = YES;
				CLANG_ENABLE_OBJC_ARC = YES;
				CLANG_WARN_BOOL_CONVERSION = YES;
				CLANG_WARN_CONSTANT_CONVERSION = YES;
				CLANG_WARN_DIRECT_OBJC_ISA_USAGE = YES_ERROR;
				CLANG_WARN_DOCUMENTATION_COMMENTS = YES;
				CLANG_WARN_EMPTY_BODY = YES;
				CLANG_WARN_ENUM_CONVERSION = YES;
				CLANG_WARN_INFINITE_RECURSION = YES;
				CLANG_WARN_INT_CONVERSION = YES;
				CLANG_WARN_OBJC_ROOT_CLASS = YES_ERROR;
				CLANG_WARN_SUSPICIOUS_MOVES = YES;
				CLANG_WARN_UNREACHABLE_CODE = YES;
				CLANG_WARN__DUPLICATE_METHOD_MATCH = YES;
				"CODE_SIGN_IDENTITY[sdk=iphoneos*]" = "iPhone Developer";
				COPY_PHASE_STRIP = NO;
				DEBUG_INFORMATION_FORMAT = "dwarf-with-dsym";
				ENABLE_NS_ASSERTIONS = NO;
				ENABLE_STRICT_OBJC_MSGSEND = YES;
				GCC_C_LANGUAGE_STANDARD = gnu99;
				GCC_NO_COMMON_BLOCKS = YES;
				GCC_WARN_64_TO_32_BIT_CONVERSION = YES;
				GCC_WARN_ABOUT_RETURN_TYPE = YES_ERROR;
				GCC_WARN_UNDECLARED_SELECTOR = YES;
				GCC_WARN_UNINITIALIZED_AUTOS = YES_AGGRESSIVE;
				GCC_WARN_UNUSED_FUNCTION = YES;
				GCC_WARN_UNUSED_VARIABLE = YES;
				IPHONEOS_DEPLOYMENT_TARGET = 10.1;
				MTL_ENABLE_DEBUG_INFO = NO;
				SDKROOT = iphoneos;
				VALIDATE_PRODUCT = YES;
			};
			name = Release;
		};
		01A79EF51DE427B7008D94AD /* Debug */ = {
			isa = XCBuildConfiguration;
			buildSettings = {
				ASSETCATALOG_COMPILER_APPICON_NAME = AppIcon;
				DEVELOPMENT_TEAM = W98U5GWCGM;
				INFOPLIST_FILE = Timer/Info.plist;
				LD_RUNPATH_SEARCH_PATHS = "$(inherited) @executable_path/Frameworks";
				PRODUCT_BUNDLE_IDENTIFIER = JMG.Timer;
				PRODUCT_NAME = "$(TARGET_NAME)";
			};
			name = Debug;
		};
		01A79EF61DE427B7008D94AD /* Release */ = {
			isa = XCBuildConfiguration;
			buildSettings = {
				ASSETCATALOG_COMPILER_APPICON_NAME = AppIcon;
				DEVELOPMENT_TEAM = W98U5GWCGM;
				INFOPLIST_FILE = Timer/Info.plist;
				LD_RUNPATH_SEARCH_PATHS = "$(inherited) @executable_path/Frameworks";
				PRODUCT_BUNDLE_IDENTIFIER = JMG.Timer;
				PRODUCT_NAME = "$(TARGET_NAME)";
			};
			name = Release;
		};
/* End XCBuildConfiguration section */

/* Begin XCConfigurationList section */
		01A79ED81DE427B7008D94AD /* Build configuration list for PBXProject "Timer" */ = {
			isa = XCConfigurationList;
			buildConfigurations = (
				01A79EF21DE427B7008D94AD /* Debug */,
				01A79EF31DE427B7008D94AD /* Release */,
			);
			defaultConfigurationIsVisible = 0;
			defaultConfigurationName = Release;
		};
		01A79EF41DE427B7008D94AD /* Build configuration list for PBXNativeTarget "Timer" */ = {
			isa = XCConfigurationList;
			buildConfigurations = (
				01A79EF51DE427B7008D94AD /* Debug */,
				01A79EF61DE427B7008D94AD /* Release */,
			);
			defaultConfigurationIsVisible = 0;
		};
/* End XCConfigurationList section */
	};
	rootObject = 01A79ED51DE427B7008D94AD /* Project object */;
}
